// !$*UTF8*$!
{
	archiveVersion = 1;
	classes = {
	};
	objectVersion = 50;
	objects = {

/* Begin PBXBuildFile section */
		098384E22622CA3300E80780 /* BetterRestApp.swift in Sources */ = {isa = PBXBuildFile; fileRef = 098384E12622CA3300E80780 /* BetterRestApp.swift */; };
		098384E42622CA3300E80780 /* ContentView.swift in Sources */ = {isa = PBXBuildFile; fileRef = 098384E32622CA3300E80780 /* ContentView.swift */; };
		098384E62622CA3600E80780 /* Assets.xcassets in Resources */ = {isa = PBXBuildFile; fileRef = 098384E52622CA3600E80780 /* Assets.xcassets */; };
		098384E92622CA3600E80780 /* Preview Assets.xcassets in Resources */ = {isa = PBXBuildFile; fileRef = 098384E82622CA3600E80780 /* Preview Assets.xcassets */; };
		098384F22622CD6A00E80780 /* StepperView.swift in Sources */ = {isa = PBXBuildFile; fileRef = 098384F12622CD6A00E80780 /* StepperView.swift */; };
		09E63E7B2622E44C002E68C5 /* DatePickerView1.swift in Sources */ = {isa = PBXBuildFile; fileRef = 09E63E7A2622E44C002E68C5 /* DatePickerView1.swift */; };
		09E63E7F2622E5CA002E68C5 /* DatePickerView2.swift in Sources */ = {isa = PBXBuildFile; fileRef = 09E63E7E2622E5CA002E68C5 /* DatePickerView2.swift */; };
		09E63E822622E809002E68C5 /* DatePickerView3.swift in Sources */ = {isa = PBXBuildFile; fileRef = 09E63E812622E809002E68C5 /* DatePickerView3.swift */; };
		09E63E862622F4E9002E68C5 /* DateComponentView1.swift in Sources */ = {isa = PBXBuildFile; fileRef = 09E63E852622F4E9002E68C5 /* DateComponentView1.swift */; };
		09E63E8A2622F7CF002E68C5 /* DateComponentView2.swift in Sources */ = {isa = PBXBuildFile; fileRef = 09E63E892622F7CF002E68C5 /* DateComponentView2.swift */; };
		09E63E8D2622FC3A002E68C5 /* DateComponentView3.swift in Sources */ = {isa = PBXBuildFile; fileRef = 09E63E8C2622FC3A002E68C5 /* DateComponentView3.swift */; };
/* End PBXBuildFile section */

/* Begin PBXFileReference section */
		098384DE2622CA3300E80780 /* BetterRest.app */ = {isa = PBXFileReference; explicitFileType = wrapper.application; includeInIndex = 0; path = BetterRest.app; sourceTree = BUILT_PRODUCTS_DIR; };
		098384E12622CA3300E80780 /* BetterRestApp.swift */ = {isa = PBXFileReference; lastKnownFileType = sourcecode.swift; path = BetterRestApp.swift; sourceTree = "<group>"; };
		098384E32622CA3300E80780 /* ContentView.swift */ = {isa = PBXFileReference; lastKnownFileType = sourcecode.swift; path = ContentView.swift; sourceTree = "<group>"; };
		098384E52622CA3600E80780 /* Assets.xcassets */ = {isa = PBXFileReference; lastKnownFileType = folder.assetcatalog; path = Assets.xcassets; sourceTree = "<group>"; };
		098384E82622CA3600E80780 /* Preview Assets.xcassets */ = {isa = PBXFileReference; lastKnownFileType = folder.assetcatalog; path = "Preview Assets.xcassets"; sourceTree = "<group>"; };
		098384EA2622CA3600E80780 /* Info.plist */ = {isa = PBXFileReference; lastKnownFileType = text.plist.xml; path = Info.plist; sourceTree = "<group>"; };
		098384F12622CD6A00E80780 /* StepperView.swift */ = {isa = PBXFileReference; lastKnownFileType = sourcecode.swift; path = StepperView.swift; sourceTree = "<group>"; };
		09E63E7A2622E44C002E68C5 /* DatePickerView1.swift */ = {isa = PBXFileReference; lastKnownFileType = sourcecode.swift; path = DatePickerView1.swift; sourceTree = "<group>"; };
		09E63E7E2622E5CA002E68C5 /* DatePickerView2.swift */ = {isa = PBXFileReference; lastKnownFileType = sourcecode.swift; path = DatePickerView2.swift; sourceTree = "<group>"; };
		09E63E812622E809002E68C5 /* DatePickerView3.swift */ = {isa = PBXFileReference; lastKnownFileType = sourcecode.swift; path = DatePickerView3.swift; sourceTree = "<group>"; };
		09E63E852622F4E9002E68C5 /* DateComponentView1.swift */ = {isa = PBXFileReference; lastKnownFileType = sourcecode.swift; path = DateComponentView1.swift; sourceTree = "<group>"; };
		09E63E892622F7CF002E68C5 /* DateComponentView2.swift */ = {isa = PBXFileReference; lastKnownFileType = sourcecode.swift; path = DateComponentView2.swift; sourceTree = "<group>"; };
		09E63E8C2622FC3A002E68C5 /* DateComponentView3.swift */ = {isa = PBXFileReference; lastKnownFileType = sourcecode.swift; path = DateComponentView3.swift; sourceTree = "<group>"; };
/* End PBXFileReference section */

/* Begin PBXFrameworksBuildPhase section */
		098384DB2622CA3300E80780 /* Frameworks */ = {
			isa = PBXFrameworksBuildPhase;
			buildActionMask = 2147483647;
			files = (
			);
			runOnlyForDeploymentPostprocessing = 0;
		};
/* End PBXFrameworksBuildPhase section */

/* Begin PBXGroup section */
		098384D52622CA3300E80780 = {
			isa = PBXGroup;
			children = (
				098384E02622CA3300E80780 /* BetterRest */,
				098384DF2622CA3300E80780 /* Products */,
			);
			sourceTree = "<group>";
		};
		098384DF2622CA3300E80780 /* Products */ = {
			isa = PBXGroup;
			children = (
				098384DE2622CA3300E80780 /* BetterRest.app */,
			);
			name = Products;
			sourceTree = "<group>";
		};
		098384E02622CA3300E80780 /* BetterRest */ = {
			isa = PBXGroup;
			children = (
				098384F42622CD7500E80780 /* Day26 */,
				098384E12622CA3300E80780 /* BetterRestApp.swift */,
				098384E32622CA3300E80780 /* ContentView.swift */,
				098384E52622CA3600E80780 /* Assets.xcassets */,
				098384EA2622CA3600E80780 /* Info.plist */,
				098384E72622CA3600E80780 /* Preview Content */,
			);
			path = BetterRest;
			sourceTree = "<group>";
		};
		098384E72622CA3600E80780 /* Preview Content */ = {
			isa = PBXGroup;
			children = (
				098384E82622CA3600E80780 /* Preview Assets.xcassets */,
			);
			path = "Preview Content";
			sourceTree = "<group>";
		};
		098384F42622CD7500E80780 /* Day26 */ = {
			isa = PBXGroup;
			children = (
				09E63E792622E41D002E68C5 /* DatePickerViews */,
				09E63E842622F4C7002E68C5 /* DateComponentViews */,
				098384F12622CD6A00E80780 /* StepperView.swift */,
			);
			path = Day26;
			sourceTree = "<group>";
		};
		09E63E792622E41D002E68C5 /* DatePickerViews */ = {
			isa = PBXGroup;
			children = (
				09E63E7A2622E44C002E68C5 /* DatePickerView1.swift */,
				09E63E7E2622E5CA002E68C5 /* DatePickerView2.swift */,
				09E63E812622E809002E68C5 /* DatePickerView3.swift */,
			);
			path = DatePickerViews;
			sourceTree = "<group>";
		};
		09E63E842622F4C7002E68C5 /* DateComponentViews */ = {
			isa = PBXGroup;
			children = (
				09E63E852622F4E9002E68C5 /* DateComponentView1.swift */,
				09E63E892622F7CF002E68C5 /* DateComponentView2.swift */,
				09E63E8C2622FC3A002E68C5 /* DateComponentView3.swift */,
			);
			path = DateComponentViews;
			sourceTree = "<group>";
		};
/* End PBXGroup section */

/* Begin PBXNativeTarget section */
		098384DD2622CA3300E80780 /* BetterRest */ = {
			isa = PBXNativeTarget;
			buildConfigurationList = 098384ED2622CA3600E80780 /* Build configuration list for PBXNativeTarget "BetterRest" */;
			buildPhases = (
				098384DA2622CA3300E80780 /* Sources */,
				098384DB2622CA3300E80780 /* Frameworks */,
				098384DC2622CA3300E80780 /* Resources */,
			);
			buildRules = (
			);
			dependencies = (
			);
			name = BetterRest;
			productName = BetterRest;
			productReference = 098384DE2622CA3300E80780 /* BetterRest.app */;
			productType = "com.apple.product-type.application";
		};
/* End PBXNativeTarget section */

/* Begin PBXProject section */
		098384D62622CA3300E80780 /* Project object */ = {
			isa = PBXProject;
			attributes = {
				LastSwiftUpdateCheck = 1240;
				LastUpgradeCheck = 1240;
				TargetAttributes = {
					098384DD2622CA3300E80780 = {
						CreatedOnToolsVersion = 12.4;
					};
				};
			};
			buildConfigurationList = 098384D92622CA3300E80780 /* Build configuration list for PBXProject "BetterRest" */;
			compatibilityVersion = "Xcode 9.3";
			developmentRegion = en;
			hasScannedForEncodings = 0;
			knownRegions = (
				en,
				Base,
			);
			mainGroup = 098384D52622CA3300E80780;
			productRefGroup = 098384DF2622CA3300E80780 /* Products */;
			projectDirPath = "";
			projectRoot = "";
			targets = (
				098384DD2622CA3300E80780 /* BetterRest */,
			);
		};
/* End PBXProject section */

/* Begin PBXResourcesBuildPhase section */
		098384DC2622CA3300E80780 /* Resources */ = {
			isa = PBXResourcesBuildPhase;
			buildActionMask = 2147483647;
			files = (
				098384E92622CA3600E80780 /* Preview Assets.xcassets in Resources */,
				098384E62622CA3600E80780 /* Assets.xcassets in Resources */,
			);
			runOnlyForDeploymentPostprocessing = 0;
		};
/* End PBXResourcesBuildPhase section */

/* Begin PBXSourcesBuildPhase section */
		098384DA2622CA3300E80780 /* Sources */ = {
			isa = PBXSourcesBuildPhase;
			buildActionMask = 2147483647;
			files = (
				09E63E822622E809002E68C5 /* DatePickerView3.swift in Sources */,
				09E63E8A2622F7CF002E68C5 /* DateComponentView2.swift in Sources */,
				09E63E862622F4E9002E68C5 /* DateComponentView1.swift in Sources */,
				09E63E7B2622E44C002E68C5 /* DatePickerView1.swift in Sources */,
				098384E42622CA3300E80780 /* ContentView.swift in Sources */,
				09E63E7F2622E5CA002E68C5 /* DatePickerView2.swift in Sources */,
				098384F22622CD6A00E80780 /* StepperView.swift in Sources */,
				098384E22622CA3300E80780 /* BetterRestApp.swift in Sources */,
				09E63E8D2622FC3A002E68C5 /* DateComponentView3.swift in Sources */,
			);
			runOnlyForDeploymentPostprocessing = 0;
		};
/* End PBXSourcesBuildPhase section */

/* Begin XCBuildConfiguration section */
		098384EB2622CA3600E80780 /* Debug */ = {
			isa = XCBuildConfiguration;
			buildSettings = {
				ALWAYS_SEARCH_USER_PATHS = NO;
				CLANG_ANALYZER_NONNULL = YES;
				CLANG_ANALYZER_NUMBER_OBJECT_CONVERSION = YES_AGGRESSIVE;
				CLANG_CXX_LANGUAGE_STANDARD = "gnu++14";
				CLANG_CXX_LIBRARY = "libc++";
				CLANG_ENABLE_MODULES = YES;
				CLANG_ENABLE_OBJC_ARC = YES;
				CLANG_ENABLE_OBJC_WEAK = YES;
				CLANG_WARN_BLOCK_CAPTURE_AUTORELEASING = YES;
				CLANG_WARN_BOOL_CONVERSION = YES;
				CLANG_WARN_COMMA = YES;
				CLANG_WARN_CONSTANT_CONVERSION = YES;
				CLANG_WARN_DEPRECATED_OBJC_IMPLEMENTATIONS = YES;
				CLANG_WARN_DIRECT_OBJC_ISA_USAGE = YES_ERROR;
				CLANG_WARN_DOCUMENTATION_COMMENTS = YES;
				CLANG_WARN_EMPTY_BODY = YES;
				CLANG_WARN_ENUM_CONVERSION = YES;
				CLANG_WARN_INFINITE_RECURSION = YES;
				CLANG_WARN_INT_CONVERSION = YES;
				CLANG_WARN_NON_LITERAL_NULL_CONVERSION = YES;
				CLANG_WARN_OBJC_IMPLICIT_RETAIN_SELF = YES;
				CLANG_WARN_OBJC_LITERAL_CONVERSION = YES;
				CLANG_WARN_OBJC_ROOT_CLASS = YES_ERROR;
				CLANG_WARN_QUOTED_INCLUDE_IN_FRAMEWORK_HEADER = YES;
				CLANG_WARN_RANGE_LOOP_ANALYSIS = YES;
				CLANG_WARN_STRICT_PROTOTYPES = YES;
				CLANG_WARN_SUSPICIOUS_MOVE = YES;
				CLANG_WARN_UNGUARDED_AVAILABILITY = YES_AGGRESSIVE;
				CLANG_WARN_UNREACHABLE_CODE = YES;
				CLANG_WARN__DUPLICATE_METHOD_MATCH = YES;
				COPY_PHASE_STRIP = NO;
				DEBUG_INFORMATION_FORMAT = dwarf;
				ENABLE_STRICT_OBJC_MSGSEND = YES;
				ENABLE_TESTABILITY = YES;
				GCC_C_LANGUAGE_STANDARD = gnu11;
				GCC_DYNAMIC_NO_PIC = NO;
				GCC_NO_COMMON_BLOCKS = YES;
				GCC_OPTIMIZATION_LEVEL = 0;
				GCC_PREPROCESSOR_DEFINITIONS = (
					"DEBUG=1",
					"$(inherited)",
				);
				GCC_WARN_64_TO_32_BIT_CONVERSION = YES;
				GCC_WARN_ABOUT_RETURN_TYPE = YES_ERROR;
				GCC_WARN_UNDECLARED_SELECTOR = YES;
				GCC_WARN_UNINITIALIZED_AUTOS = YES_AGGRESSIVE;
				GCC_WARN_UNUSED_FUNCTION = YES;
				GCC_WARN_UNUSED_VARIABLE = YES;
				IPHONEOS_DEPLOYMENT_TARGET = 14.4;
				MTL_ENABLE_DEBUG_INFO = INCLUDE_SOURCE;
				MTL_FAST_MATH = YES;
				ONLY_ACTIVE_ARCH = YES;
				SDKROOT = iphoneos;
				SWIFT_ACTIVE_COMPILATION_CONDITIONS = DEBUG;
				SWIFT_OPTIMIZATION_LEVEL = "-Onone";
			};
			name = Debug;
		};
		098384EC2622CA3600E80780 /* Release */ = {
			isa = XCBuildConfiguration;
			buildSettings = {
				ALWAYS_SEARCH_USER_PATHS = NO;
				CLANG_ANALYZER_NONNULL = YES;
				CLANG_ANALYZER_NUMBER_OBJECT_CONVERSION = YES_AGGRESSIVE;
				CLANG_CXX_LANGUAGE_STANDARD = "gnu++14";
				CLANG_CXX_LIBRARY = "libc++";
				CLANG_ENABLE_MODULES = YES;
				CLANG_ENABLE_OBJC_ARC = YES;
				CLANG_ENABLE_OBJC_WEAK = YES;
				CLANG_WARN_BLOCK_CAPTURE_AUTORELEASING = YES;
				CLANG_WARN_BOOL_CONVERSION = YES;
				CLANG_WARN_COMMA = YES;
				CLANG_WARN_CONSTANT_CONVERSION = YES;
				CLANG_WARN_DEPRECATED_OBJC_IMPLEMENTATIONS = YES;
				CLANG_WARN_DIRECT_OBJC_ISA_USAGE = YES_ERROR;
				CLANG_WARN_DOCUMENTATION_COMMENTS = YES;
				CLANG_WARN_EMPTY_BODY = YES;
				CLANG_WARN_ENUM_CONVERSION = YES;
				CLANG_WARN_INFINITE_RECURSION = YES;
				CLANG_WARN_INT_CONVERSION = YES;
				CLANG_WARN_NON_LITERAL_NULL_CONVERSION = YES;
				CLANG_WARN_OBJC_IMPLICIT_RETAIN_SELF = YES;
				CLANG_WARN_OBJC_LITERAL_CONVERSION = YES;
				CLANG_WARN_OBJC_ROOT_CLASS = YES_ERROR;
				CLANG_WARN_QUOTED_INCLUDE_IN_FRAMEWORK_HEADER = YES;
				CLANG_WARN_RANGE_LOOP_ANALYSIS = YES;
				CLANG_WARN_STRICT_PROTOTYPES = YES;
				CLANG_WARN_SUSPICIOUS_MOVE = YES;
				CLANG_WARN_UNGUARDED_AVAILABILITY = YES_AGGRESSIVE;
				CLANG_WARN_UNREACHABLE_CODE = YES;
				CLANG_WARN__DUPLICATE_METHOD_MATCH = YES;
				COPY_PHASE_STRIP = NO;
				DEBUG_INFORMATION_FORMAT = "dwarf-with-dsym";
				ENABLE_NS_ASSERTIONS = NO;
				ENABLE_STRICT_OBJC_MSGSEND = YES;
				GCC_C_LANGUAGE_STANDARD = gnu11;
				GCC_NO_COMMON_BLOCKS = YES;
				GCC_WARN_64_TO_32_BIT_CONVERSION = YES;
				GCC_WARN_ABOUT_RETURN_TYPE = YES_ERROR;
				GCC_WARN_UNDECLARED_SELECTOR = YES;
				GCC_WARN_UNINITIALIZED_AUTOS = YES_AGGRESSIVE;
				GCC_WARN_UNUSED_FUNCTION = YES;
				GCC_WARN_UNUSED_VARIABLE = YES;
				IPHONEOS_DEPLOYMENT_TARGET = 14.4;
				MTL_ENABLE_DEBUG_INFO = NO;
				MTL_FAST_MATH = YES;
				SDKROOT = iphoneos;
				SWIFT_COMPILATION_MODE = wholemodule;
				SWIFT_OPTIMIZATION_LEVEL = "-O";
				VALIDATE_PRODUCT = YES;
			};
			name = Release;
		};
		098384EE2622CA3600E80780 /* Debug */ = {
			isa = XCBuildConfiguration;
			buildSettings = {
				ASSETCATALOG_COMPILER_APPICON_NAME = AppIcon;
				ASSETCATALOG_COMPILER_GLOBAL_ACCENT_COLOR_NAME = AccentColor;
				CODE_SIGN_STYLE = Automatic;
				DEVELOPMENT_ASSET_PATHS = "\"BetterRest/Preview Content\"";
				DEVELOPMENT_TEAM = PKTBX2CYQK;
				ENABLE_PREVIEWS = YES;
				INFOPLIST_FILE = BetterRest/Info.plist;
				IPHONEOS_DEPLOYMENT_TARGET = 14.0;
				LD_RUNPATH_SEARCH_PATHS = (
					"$(inherited)",
					"@executable_path/Frameworks",
				);
				PRODUCT_BUNDLE_IDENTIFIER = com.nicefiction.BetterRest;
				PRODUCT_NAME = "$(TARGET_NAME)";
				SWIFT_VERSION = 5.0;
				TARGETED_DEVICE_FAMILY = "1,2";
			};
			name = Debug;
		};
		098384EF2622CA3600E80780 /* Release */ = {
			isa = XCBuildConfiguration;
			buildSettings = {
				ASSETCATALOG_COMPILER_APPICON_NAME = AppIcon;
				ASSETCATALOG_COMPILER_GLOBAL_ACCENT_COLOR_NAME = AccentColor;
				CODE_SIGN_STYLE = Automatic;
				DEVELOPMENT_ASSET_PATHS = "\"BetterRest/Preview Content\"";
				DEVELOPMENT_TEAM = PKTBX2CYQK;
				ENABLE_PREVIEWS = YES;
				INFOPLIST_FILE = BetterRest/Info.plist;
				IPHONEOS_DEPLOYMENT_TARGET = 14.0;
				LD_RUNPATH_SEARCH_PATHS = (
					"$(inherited)",
					"@executable_path/Frameworks",
				);
				PRODUCT_BUNDLE_IDENTIFIER = com.nicefiction.BetterRest;
				PRODUCT_NAME = "$(TARGET_NAME)";
				SWIFT_VERSION = 5.0;
				TARGETED_DEVICE_FAMILY = "1,2";
			};
			name = Release;
		};
/* End XCBuildConfiguration section */

/* Begin XCConfigurationList section */
		098384D92622CA3300E80780 /* Build configuration list for PBXProject "BetterRest" */ = {
			isa = XCConfigurationList;
			buildConfigurations = (
				098384EB2622CA3600E80780 /* Debug */,
				098384EC2622CA3600E80780 /* Release */,
			);
			defaultConfigurationIsVisible = 0;
			defaultConfigurationName = Release;
		};
		098384ED2622CA3600E80780 /* Build configuration list for PBXNativeTarget "BetterRest" */ = {
			isa = XCConfigurationList;
			buildConfigurations = (
				098384EE2622CA3600E80780 /* Debug */,
				098384EF2622CA3600E80780 /* Release */,
			);
			defaultConfigurationIsVisible = 0;
			defaultConfigurationName = Release;
		};
/* End XCConfigurationList section */
	};
	rootObject = 098384D62622CA3300E80780 /* Project object */;
}
